
Microsoft Visual Studio Solution File, Format Version 12.00
# Visual Studio Version 17
VisualStudioVersion = 17.8.34330.188
MinimumVisualStudioVersion = 10.0.40219.1
Project("{9A19103F-16F7-4668-BE54-9A1E7A4F7556}") = "Login", "Login\Login.csproj", "{9515FD6C-FC9B-4A6F-93FB-C590BA674002}"
EndProject
Project("{9A19103F-16F7-4668-BE54-9A1E7A4F7556}") = "Entities", "Entities\Entities.csproj", "{27DDCF2F-B6F4-4BC4-9FEE-5A0052662E4E}"
EndProject
Project("{9A19103F-16F7-4668-BE54-9A1E7A4F7556}") = "Logic", "Services\Logic.csproj", "{8865D35A-71CA-4395-9B36-D28592B69F94}"
EndProject
Project("{9A19103F-16F7-4668-BE54-9A1E7A4F7556}") = "Data", "Data\Data.csproj", "{20F53290-43C6-4C34-957B-664BF9965171}"
EndProject
Project("{FAE04EC0-301F-11D3-BF4B-00C04F79EFBC}") = "Login Test", "Login Test\Login Test.csproj", "{779C94D0-E314-497B-9DE6-A5374B888FCC}"
EndProject
Global
	GlobalSection(SolutionConfigurationPlatforms) = preSolution
		Debug|Any CPU = Debug|Any CPU
		Release|Any CPU = Release|Any CPU
	EndGlobalSection
	GlobalSection(ProjectConfigurationPlatforms) = postSolution
		{9515FD6C-FC9B-4A6F-93FB-C590BA674002}.Debug|Any CPU.ActiveCfg = Debug|Any CPU
		{9515FD6C-FC9B-4A6F-93FB-C590BA674002}.Debug|Any CPU.Build.0 = Debug|Any CPU
		{9515FD6C-FC9B-4A6F-93FB-C590BA674002}.Release|Any CPU.ActiveCfg = Release|Any CPU
		{9515FD6C-FC9B-4A6F-93FB-C590BA674002}.Release|Any CPU.Build.0 = Release|Any CPU
		{27DDCF2F-B6F4-4BC4-9FEE-5A0052662E4E}.Debug|Any CPU.ActiveCfg = Debug|Any CPU
		{27DDCF2F-B6F4-4BC4-9FEE-5A0052662E4E}.Debug|Any CPU.Build.0 = Debug|Any CPU
		{27DDCF2F-B6F4-4BC4-9FEE-5A0052662E4E}.Release|Any CPU.ActiveCfg = Release|Any CPU
		{27DDCF2F-B6F4-4BC4-9FEE-5A0052662E4E}.Release|Any CPU.Build.0 = Release|Any CPU
		{8865D35A-71CA-4395-9B36-D28592B69F94}.Debug|Any CPU.ActiveCfg = Debug|Any CPU
		{8865D35A-71CA-4395-9B36-D28592B69F94}.Debug|Any CPU.Build.0 = Debug|Any CPU
		{8865D35A-71CA-4395-9B36-D28592B69F94}.Release|Any CPU.ActiveCfg = Release|Any CPU
		{8865D35A-71CA-4395-9B36-D28592B69F94}.Release|Any CPU.Build.0 = Release|Any CPU
		{20F53290-43C6-4C34-957B-664BF9965171}.Debug|Any CPU.ActiveCfg = Debug|Any CPU
		{20F53290-43C6-4C34-957B-664BF9965171}.Debug|Any CPU.Build.0 = Debug|Any CPU
		{20F53290-43C6-4C34-957B-664BF9965171}.Release|Any CPU.ActiveCfg = Release|Any CPU
		{20F53290-43C6-4C34-957B-664BF9965171}.Release|Any CPU.Build.0 = Release|Any CPU
		{779C94D0-E314-497B-9DE6-A5374B888FCC}.Debug|Any CPU.ActiveCfg = Debug|Any CPU
		{779C94D0-E314-497B-9DE6-A5374B888FCC}.Debug|Any CPU.Build.0 = Debug|Any CPU
		{779C94D0-E314-497B-9DE6-A5374B888FCC}.Release|Any CPU.ActiveCfg = Release|Any CPU
		{779C94D0-E314-497B-9DE6-A5374B888FCC}.Release|Any CPU.Build.0 = Release|Any CPU
	EndGlobalSection
	GlobalSection(SolutionProperties) = preSolution
		HideSolutionNode = FALSE
	EndGlobalSection
	GlobalSection(ExtensibilityGlobals) = postSolution
		SolutionGuid = {F34C63BF-8941-4031-A630-7EAC5BC3C907}
	EndGlobalSection
EndGlobal
